// !$*UTF8*$!
{
	archiveVersion = 1;
	classes = {
	};
	objectVersion = 50;
	objects = {

/* Begin PBXBuildFile section */
		A74CF7F523A0AFBA00D3F335 /* AppDelegate.swift in Sources */ = {isa = PBXBuildFile; fileRef = A74CF7F423A0AFBA00D3F335 /* AppDelegate.swift */; };
		A74CF7F723A0AFBA00D3F335 /* SceneDelegate.swift in Sources */ = {isa = PBXBuildFile; fileRef = A74CF7F623A0AFBA00D3F335 /* SceneDelegate.swift */; };
		A74CF7F923A0AFBA00D3F335 /* ViewController.swift in Sources */ = {isa = PBXBuildFile; fileRef = A74CF7F823A0AFBA00D3F335 /* ViewController.swift */; };
		A74CF7FC23A0AFBA00D3F335 /* Main.storyboard in Resources */ = {isa = PBXBuildFile; fileRef = A74CF7FA23A0AFBA00D3F335 /* Main.storyboard */; };
		A74CF7FF23A0AFBA00D3F335 /* You_reThere.xcdatamodeld in Sources */ = {isa = PBXBuildFile; fileRef = A74CF7FD23A0AFBA00D3F335 /* You_reThere.xcdatamodeld */; };
		A74CF80123A0AFBD00D3F335 /* Assets.xcassets in Resources */ = {isa = PBXBuildFile; fileRef = A74CF80023A0AFBD00D3F335 /* Assets.xcassets */; };
		A74CF80423A0AFBD00D3F335 /* LaunchScreen.storyboard in Resources */ = {isa = PBXBuildFile; fileRef = A74CF80223A0AFBD00D3F335 /* LaunchScreen.storyboard */; };
		A74CF80F23A0AFBD00D3F335 /* You_reThereTests.swift in Sources */ = {isa = PBXBuildFile; fileRef = A74CF80E23A0AFBD00D3F335 /* You_reThereTests.swift */; };
		A74CF81A23A0AFBD00D3F335 /* You_reThereUITests.swift in Sources */ = {isa = PBXBuildFile; fileRef = A74CF81923A0AFBD00D3F335 /* You_reThereUITests.swift */; };
/* End PBXBuildFile section */

/* Begin PBXContainerItemProxy section */
		A74CF80B23A0AFBD00D3F335 /* PBXContainerItemProxy */ = {
			isa = PBXContainerItemProxy;
			containerPortal = A74CF7E923A0AFBA00D3F335 /* Project object */;
			proxyType = 1;
			remoteGlobalIDString = A74CF7F023A0AFBA00D3F335;
			remoteInfo = "You'reThere";
		};
		A74CF81623A0AFBD00D3F335 /* PBXContainerItemProxy */ = {
			isa = PBXContainerItemProxy;
			containerPortal = A74CF7E923A0AFBA00D3F335 /* Project object */;
			proxyType = 1;
			remoteGlobalIDString = A74CF7F023A0AFBA00D3F335;
			remoteInfo = "You'reThere";
		};
/* End PBXContainerItemProxy section */

/* Begin PBXFileReference section */
		A74CF7F123A0AFBA00D3F335 /* You'reThere.app */ = {isa = PBXFileReference; explicitFileType = wrapper.application; includeInIndex = 0; path = "You'reThere.app"; sourceTree = BUILT_PRODUCTS_DIR; };
		A74CF7F423A0AFBA00D3F335 /* AppDelegate.swift */ = {isa = PBXFileReference; lastKnownFileType = sourcecode.swift; path = AppDelegate.swift; sourceTree = "<group>"; };
		A74CF7F623A0AFBA00D3F335 /* SceneDelegate.swift */ = {isa = PBXFileReference; lastKnownFileType = sourcecode.swift; path = SceneDelegate.swift; sourceTree = "<group>"; };
		A74CF7F823A0AFBA00D3F335 /* ViewController.swift */ = {isa = PBXFileReference; lastKnownFileType = sourcecode.swift; path = ViewController.swift; sourceTree = "<group>"; };
		A74CF7FB23A0AFBA00D3F335 /* Base */ = {isa = PBXFileReference; lastKnownFileType = file.storyboard; name = Base; path = Base.lproj/Main.storyboard; sourceTree = "<group>"; };
		A74CF7FE23A0AFBA00D3F335 /* You_reThere.xcdatamodel */ = {isa = PBXFileReference; lastKnownFileType = wrapper.xcdatamodel; path = You_reThere.xcdatamodel; sourceTree = "<group>"; };
		A74CF80023A0AFBD00D3F335 /* Assets.xcassets */ = {isa = PBXFileReference; lastKnownFileType = folder.assetcatalog; path = Assets.xcassets; sourceTree = "<group>"; };
		A74CF80323A0AFBD00D3F335 /* Base */ = {isa = PBXFileReference; lastKnownFileType = file.storyboard; name = Base; path = Base.lproj/LaunchScreen.storyboard; sourceTree = "<group>"; };
		A74CF80523A0AFBD00D3F335 /* Info.plist */ = {isa = PBXFileReference; lastKnownFileType = text.plist.xml; path = Info.plist; sourceTree = "<group>"; };
		A74CF80A23A0AFBD00D3F335 /* You'reThereTests.xctest */ = {isa = PBXFileReference; explicitFileType = wrapper.cfbundle; includeInIndex = 0; path = "You'reThereTests.xctest"; sourceTree = BUILT_PRODUCTS_DIR; };
		A74CF80E23A0AFBD00D3F335 /* You_reThereTests.swift */ = {isa = PBXFileReference; lastKnownFileType = sourcecode.swift; path = You_reThereTests.swift; sourceTree = "<group>"; };
		A74CF81023A0AFBD00D3F335 /* Info.plist */ = {isa = PBXFileReference; lastKnownFileType = text.plist.xml; path = Info.plist; sourceTree = "<group>"; };
		A74CF81523A0AFBD00D3F335 /* You'reThereUITests.xctest */ = {isa = PBXFileReference; explicitFileType = wrapper.cfbundle; includeInIndex = 0; path = "You'reThereUITests.xctest"; sourceTree = BUILT_PRODUCTS_DIR; };
		A74CF81923A0AFBD00D3F335 /* You_reThereUITests.swift */ = {isa = PBXFileReference; lastKnownFileType = sourcecode.swift; path = You_reThereUITests.swift; sourceTree = "<group>"; };
		A74CF81B23A0AFBD00D3F335 /* Info.plist */ = {isa = PBXFileReference; lastKnownFileType = text.plist.xml; path = Info.plist; sourceTree = "<group>"; };
/* End PBXFileReference section */

/* Begin PBXFrameworksBuildPhase section */
		A74CF7EE23A0AFBA00D3F335 /* Frameworks */ = {
			isa = PBXFrameworksBuildPhase;
			buildActionMask = 2147483647;
			files = (
			);
			runOnlyForDeploymentPostprocessing = 0;
		};
		A74CF80723A0AFBD00D3F335 /* Frameworks */ = {
			isa = PBXFrameworksBuildPhase;
			buildActionMask = 2147483647;
			files = (
			);
			runOnlyForDeploymentPostprocessing = 0;
		};
		A74CF81223A0AFBD00D3F335 /* Frameworks */ = {
			isa = PBXFrameworksBuildPhase;
			buildActionMask = 2147483647;
			files = (
			);
			runOnlyForDeploymentPostprocessing = 0;
		};
/* End PBXFrameworksBuildPhase section */

/* Begin PBXGroup section */
		A74CF7E823A0AFBA00D3F335 = {
			isa = PBXGroup;
			children = (
				A74CF7F323A0AFBA00D3F335 /* You'reThere */,
				A74CF80D23A0AFBD00D3F335 /* You'reThereTests */,
				A74CF81823A0AFBD00D3F335 /* You'reThereUITests */,
				A74CF7F223A0AFBA00D3F335 /* Products */,
			);
			sourceTree = "<group>";
		};
		A74CF7F223A0AFBA00D3F335 /* Products */ = {
			isa = PBXGroup;
			children = (
				A74CF7F123A0AFBA00D3F335 /* You'reThere.app */,
				A74CF80A23A0AFBD00D3F335 /* You'reThereTests.xctest */,
				A74CF81523A0AFBD00D3F335 /* You'reThereUITests.xctest */,
			);
			name = Products;
			sourceTree = "<group>";
		};
		A74CF7F323A0AFBA00D3F335 /* You'reThere */ = {
			isa = PBXGroup;
			children = (
				A74CF7F423A0AFBA00D3F335 /* AppDelegate.swift */,
				A74CF7F623A0AFBA00D3F335 /* SceneDelegate.swift */,
				A74CF7F823A0AFBA00D3F335 /* ViewController.swift */,
				A74CF7FA23A0AFBA00D3F335 /* Main.storyboard */,
				A74CF80023A0AFBD00D3F335 /* Assets.xcassets */,
				A74CF80223A0AFBD00D3F335 /* LaunchScreen.storyboard */,
				A74CF80523A0AFBD00D3F335 /* Info.plist */,
				A74CF7FD23A0AFBA00D3F335 /* You_reThere.xcdatamodeld */,
			);
			path = "You'reThere";
			sourceTree = "<group>";
		};
		A74CF80D23A0AFBD00D3F335 /* You'reThereTests */ = {
			isa = PBXGroup;
			children = (
				A74CF80E23A0AFBD00D3F335 /* You_reThereTests.swift */,
				A74CF81023A0AFBD00D3F335 /* Info.plist */,
			);
			path = "You'reThereTests";
			sourceTree = "<group>";
		};
		A74CF81823A0AFBD00D3F335 /* You'reThereUITests */ = {
			isa = PBXGroup;
			children = (
				A74CF81923A0AFBD00D3F335 /* You_reThereUITests.swift */,
				A74CF81B23A0AFBD00D3F335 /* Info.plist */,
			);
			path = "You'reThereUITests";
			sourceTree = "<group>";
		};
/* End PBXGroup section */

/* Begin PBXNativeTarget section */
		A74CF7F023A0AFBA00D3F335 /* You'reThere */ = {
			isa = PBXNativeTarget;
			buildConfigurationList = A74CF81E23A0AFBD00D3F335 /* Build configuration list for PBXNativeTarget "You'reThere" */;
			buildPhases = (
				A74CF7ED23A0AFBA00D3F335 /* Sources */,
				A74CF7EE23A0AFBA00D3F335 /* Frameworks */,
				A74CF7EF23A0AFBA00D3F335 /* Resources */,
			);
			buildRules = (
			);
			dependencies = (
			);
			name = "You'reThere";
			productName = "You'reThere";
			productReference = A74CF7F123A0AFBA00D3F335 /* You'reThere.app */;
			productType = "com.apple.product-type.application";
		};
		A74CF80923A0AFBD00D3F335 /* You'reThereTests */ = {
			isa = PBXNativeTarget;
			buildConfigurationList = A74CF82123A0AFBD00D3F335 /* Build configuration list for PBXNativeTarget "You'reThereTests" */;
			buildPhases = (
				A74CF80623A0AFBD00D3F335 /* Sources */,
				A74CF80723A0AFBD00D3F335 /* Frameworks */,
				A74CF80823A0AFBD00D3F335 /* Resources */,
			);
			buildRules = (
			);
			dependencies = (
				A74CF80C23A0AFBD00D3F335 /* PBXTargetDependency */,
			);
			name = "You'reThereTests";
			productName = "You'reThereTests";
			productReference = A74CF80A23A0AFBD00D3F335 /* You'reThereTests.xctest */;
			productType = "com.apple.product-type.bundle.unit-test";
		};
		A74CF81423A0AFBD00D3F335 /* You'reThereUITests */ = {
			isa = PBXNativeTarget;
			buildConfigurationList = A74CF82423A0AFBD00D3F335 /* Build configuration list for PBXNativeTarget "You'reThereUITests" */;
			buildPhases = (
				A74CF81123A0AFBD00D3F335 /* Sources */,
				A74CF81223A0AFBD00D3F335 /* Frameworks */,
				A74CF81323A0AFBD00D3F335 /* Resources */,
			);
			buildRules = (
			);
			dependencies = (
				A74CF81723A0AFBD00D3F335 /* PBXTargetDependency */,
			);
			name = "You'reThereUITests";
			productName = "You'reThereUITests";
			productReference = A74CF81523A0AFBD00D3F335 /* You'reThereUITests.xctest */;
			productType = "com.apple.product-type.bundle.ui-testing";
		};
/* End PBXNativeTarget section */

/* Begin PBXProject section */
		A74CF7E923A0AFBA00D3F335 /* Project object */ = {
			isa = PBXProject;
			attributes = {
				LastSwiftUpdateCheck = 1130;
				LastUpgradeCheck = 1130;
				ORGANIZATIONNAME = SINCY;
				TargetAttributes = {
					A74CF7F023A0AFBA00D3F335 = {
						CreatedOnToolsVersion = 11.3;
					};
					A74CF80923A0AFBD00D3F335 = {
						CreatedOnToolsVersion = 11.3;
						TestTargetID = A74CF7F023A0AFBA00D3F335;
					};
					A74CF81423A0AFBD00D3F335 = {
						CreatedOnToolsVersion = 11.3;
						TestTargetID = A74CF7F023A0AFBA00D3F335;
					};
				};
			};
			buildConfigurationList = A74CF7EC23A0AFBA00D3F335 /* Build configuration list for PBXProject "You'reThere" */;
			compatibilityVersion = "Xcode 9.3";
			developmentRegion = en;
			hasScannedForEncodings = 0;
			knownRegions = (
				en,
				Base,
			);
			mainGroup = A74CF7E823A0AFBA00D3F335;
			productRefGroup = A74CF7F223A0AFBA00D3F335 /* Products */;
			projectDirPath = "";
			projectRoot = "";
			targets = (
				A74CF7F023A0AFBA00D3F335 /* You'reThere */,
				A74CF80923A0AFBD00D3F335 /* You'reThereTests */,
				A74CF81423A0AFBD00D3F335 /* You'reThereUITests */,
			);
		};
/* End PBXProject section */

/* Begin PBXResourcesBuildPhase section */
		A74CF7EF23A0AFBA00D3F335 /* Resources */ = {
			isa = PBXResourcesBuildPhase;
			buildActionMask = 2147483647;
			files = (
				A74CF80423A0AFBD00D3F335 /* LaunchScreen.storyboard in Resources */,
				A74CF80123A0AFBD00D3F335 /* Assets.xcassets in Resources */,
				A74CF7FC23A0AFBA00D3F335 /* Main.storyboard in Resources */,
			);
			runOnlyForDeploymentPostprocessing = 0;
		};
		A74CF80823A0AFBD00D3F335 /* Resources */ = {
			isa = PBXResourcesBuildPhase;
			buildActionMask = 2147483647;
			files = (
			);
			runOnlyForDeploymentPostprocessing = 0;
		};
		A74CF81323A0AFBD00D3F335 /* Resources */ = {
			isa = PBXResourcesBuildPhase;
			buildActionMask = 2147483647;
			files = (
			);
			runOnlyForDeploymentPostprocessing = 0;
		};
/* End PBXResourcesBuildPhase section */

/* Begin PBXSourcesBuildPhase section */
		A74CF7ED23A0AFBA00D3F335 /* Sources */ = {
			isa = PBXSourcesBuildPhase;
			buildActionMask = 2147483647;
			files = (
				A74CF7F923A0AFBA00D3F335 /* ViewController.swift in Sources */,
				A74CF7F523A0AFBA00D3F335 /* AppDelegate.swift in Sources */,
				A74CF7F723A0AFBA00D3F335 /* SceneDelegate.swift in Sources */,
				A74CF7FF23A0AFBA00D3F335 /* You_reThere.xcdatamodeld in Sources */,
			);
			runOnlyForDeploymentPostprocessing = 0;
		};
		A74CF80623A0AFBD00D3F335 /* Sources */ = {
			isa = PBXSourcesBuildPhase;
			buildActionMask = 2147483647;
			files = (
				A74CF80F23A0AFBD00D3F335 /* You_reThereTests.swift in Sources */,
			);
			runOnlyForDeploymentPostprocessing = 0;
		};
		A74CF81123A0AFBD00D3F335 /* Sources */ = {
			isa = PBXSourcesBuildPhase;
			buildActionMask = 2147483647;
			files = (
				A74CF81A23A0AFBD00D3F335 /* You_reThereUITests.swift in Sources */,
			);
			runOnlyForDeploymentPostprocessing = 0;
		};
/* End PBXSourcesBuildPhase section */

/* Begin PBXTargetDependency section */
		A74CF80C23A0AFBD00D3F335 /* PBXTargetDependency */ = {
			isa = PBXTargetDependency;
			target = A74CF7F023A0AFBA00D3F335 /* You'reThere */;
			targetProxy = A74CF80B23A0AFBD00D3F335 /* PBXContainerItemProxy */;
		};
		A74CF81723A0AFBD00D3F335 /* PBXTargetDependency */ = {
			isa = PBXTargetDependency;
			target = A74CF7F023A0AFBA00D3F335 /* You'reThere */;
			targetProxy = A74CF81623A0AFBD00D3F335 /* PBXContainerItemProxy */;
		};
/* End PBXTargetDependency section */

/* Begin PBXVariantGroup section */
		A74CF7FA23A0AFBA00D3F335 /* Main.storyboard */ = {
			isa = PBXVariantGroup;
			children = (
				A74CF7FB23A0AFBA00D3F335 /* Base */,
			);
			name = Main.storyboard;
			sourceTree = "<group>";
		};
		A74CF80223A0AFBD00D3F335 /* LaunchScreen.storyboard */ = {
			isa = PBXVariantGroup;
			children = (
				A74CF80323A0AFBD00D3F335 /* Base */,
			);
			name = LaunchScreen.storyboard;
			sourceTree = "<group>";
		};
/* End PBXVariantGroup section */

/* Begin XCBuildConfiguration section */
		A74CF81C23A0AFBD00D3F335 /* Debug */ = {
			isa = XCBuildConfiguration;
			buildSettings = {
				ALWAYS_SEARCH_USER_PATHS = NO;
				CLANG_ANALYZER_NONNULL = YES;
				CLANG_ANALYZER_NUMBER_OBJECT_CONVERSION = YES_AGGRESSIVE;
				CLANG_CXX_LANGUAGE_STANDARD = "gnu++14";
				CLANG_CXX_LIBRARY = "libc++";
				CLANG_ENABLE_MODULES = YES;
				CLANG_ENABLE_OBJC_ARC = YES;
				CLANG_ENABLE_OBJC_WEAK = YES;
				CLANG_WARN_BLOCK_CAPTURE_AUTORELEASING = YES;
				CLANG_WARN_BOOL_CONVERSION = YES;
				CLANG_WARN_COMMA = YES;
				CLANG_WARN_CONSTANT_CONVERSION = YES;
				CLANG_WARN_DEPRECATED_OBJC_IMPLEMENTATIONS = YES;
				CLANG_WARN_DIRECT_OBJC_ISA_USAGE = YES_ERROR;
				CLANG_WARN_DOCUMENTATION_COMMENTS = YES;
				CLANG_WARN_EMPTY_BODY = YES;
				CLANG_WARN_ENUM_CONVERSION = YES;
				CLANG_WARN_INFINITE_RECURSION = YES;
				CLANG_WARN_INT_CONVERSION = YES;
				CLANG_WARN_NON_LITERAL_NULL_CONVERSION = YES;
				CLANG_WARN_OBJC_IMPLICIT_RETAIN_SELF = YES;
				CLANG_WARN_OBJC_LITERAL_CONVERSION = YES;
				CLANG_WARN_OBJC_ROOT_CLASS = YES_ERROR;
				CLANG_WARN_RANGE_LOOP_ANALYSIS = YES;
				CLANG_WARN_STRICT_PROTOTYPES = YES;
				CLANG_WARN_SUSPICIOUS_MOVE = YES;
				CLANG_WARN_UNGUARDED_AVAILABILITY = YES_AGGRESSIVE;
				CLANG_WARN_UNREACHABLE_CODE = YES;
				CLANG_WARN__DUPLICATE_METHOD_MATCH = YES;
				COPY_PHASE_STRIP = NO;
				DEBUG_INFORMATION_FORMAT = dwarf;
				ENABLE_STRICT_OBJC_MSGSEND = YES;
				ENABLE_TESTABILITY = YES;
				GCC_C_LANGUAGE_STANDARD = gnu11;
				GCC_DYNAMIC_NO_PIC = NO;
				GCC_NO_COMMON_BLOCKS = YES;
				GCC_OPTIMIZATION_LEVEL = 0;
				GCC_PREPROCESSOR_DEFINITIONS = (
					"DEBUG=1",
					"$(inherited)",
				);
				GCC_WARN_64_TO_32_BIT_CONVERSION = YES;
				GCC_WARN_ABOUT_RETURN_TYPE = YES_ERROR;
				GCC_WARN_UNDECLARED_SELECTOR = YES;
				GCC_WARN_UNINITIALIZED_AUTOS = YES_AGGRESSIVE;
				GCC_WARN_UNUSED_FUNCTION = YES;
				GCC_WARN_UNUSED_VARIABLE = YES;
				IPHONEOS_DEPLOYMENT_TARGET = 13.2;
				MTL_ENABLE_DEBUG_INFO = INCLUDE_SOURCE;
				MTL_FAST_MATH = YES;
				ONLY_ACTIVE_ARCH = YES;
				SDKROOT = iphoneos;
				SWIFT_ACTIVE_COMPILATION_CONDITIONS = DEBUG;
				SWIFT_OPTIMIZATION_LEVEL = "-Onone";
			};
			name = Debug;
		};
		A74CF81D23A0AFBD00D3F335 /* Release */ = {
			isa = XCBuildConfiguration;
			buildSettings = {
				ALWAYS_SEARCH_USER_PATHS = NO;
				CLANG_ANALYZER_NONNULL = YES;
				CLANG_ANALYZER_NUMBER_OBJECT_CONVERSION = YES_AGGRESSIVE;
				CLANG_CXX_LANGUAGE_STANDARD = "gnu++14";
				CLANG_CXX_LIBRARY = "libc++";
				CLANG_ENABLE_MODULES = YES;
				CLANG_ENABLE_OBJC_ARC = YES;
				CLANG_ENABLE_OBJC_WEAK = YES;
				CLANG_WARN_BLOCK_CAPTURE_AUTORELEASING = YES;
				CLANG_WARN_BOOL_CONVERSION = YES;
				CLANG_WARN_COMMA = YES;
				CLANG_WARN_CONSTANT_CONVERSION = YES;
				CLANG_WARN_DEPRECATED_OBJC_IMPLEMENTATIONS = YES;
				CLANG_WARN_DIRECT_OBJC_ISA_USAGE = YES_ERROR;
				CLANG_WARN_DOCUMENTATION_COMMENTS = YES;
				CLANG_WARN_EMPTY_BODY = YES;
				CLANG_WARN_ENUM_CONVERSION = YES;
				CLANG_WARN_INFINITE_RECURSION = YES;
				CLANG_WARN_INT_CONVERSION = YES;
				CLANG_WARN_NON_LITERAL_NULL_CONVERSION = YES;
				CLANG_WARN_OBJC_IMPLICIT_RETAIN_SELF = YES;
				CLANG_WARN_OBJC_LITERAL_CONVERSION = YES;
				CLANG_WARN_OBJC_ROOT_CLASS = YES_ERROR;
				CLANG_WARN_RANGE_LOOP_ANALYSIS = YES;
				CLANG_WARN_STRICT_PROTOTYPES = YES;
				CLANG_WARN_SUSPICIOUS_MOVE = YES;
				CLANG_WARN_UNGUARDED_AVAILABILITY = YES_AGGRESSIVE;
				CLANG_WARN_UNREACHABLE_CODE = YES;
				CLANG_WARN__DUPLICATE_METHOD_MATCH = YES;
				COPY_PHASE_STRIP = NO;
				DEBUG_INFORMATION_FORMAT = "dwarf-with-dsym";
				ENABLE_NS_ASSERTIONS = NO;
				ENABLE_STRICT_OBJC_MSGSEND = YES;
				GCC_C_LANGUAGE_STANDARD = gnu11;
				GCC_NO_COMMON_BLOCKS = YES;
				GCC_WARN_64_TO_32_BIT_CONVERSION = YES;
				GCC_WARN_ABOUT_RETURN_TYPE = YES_ERROR;
				GCC_WARN_UNDECLARED_SELECTOR = YES;
				GCC_WARN_UNINITIALIZED_AUTOS = YES_AGGRESSIVE;
				GCC_WARN_UNUSED_FUNCTION = YES;
				GCC_WARN_UNUSED_VARIABLE = YES;
				IPHONEOS_DEPLOYMENT_TARGET = 13.2;
				MTL_ENABLE_DEBUG_INFO = NO;
				MTL_FAST_MATH = YES;
				SDKROOT = iphoneos;
				SWIFT_COMPILATION_MODE = wholemodule;
				SWIFT_OPTIMIZATION_LEVEL = "-O";
				VALIDATE_PRODUCT = YES;
			};
			name = Release;
		};
		A74CF81F23A0AFBD00D3F335 /* Debug */ = {
			isa = XCBuildConfiguration;
			buildSettings = {
				ASSETCATALOG_COMPILER_APPICON_NAME = AppIcon;
				CODE_SIGN_STYLE = Automatic;
				INFOPLIST_FILE = "You'reThere/Info.plist";
				LD_RUNPATH_SEARCH_PATHS = (
					"$(inherited)",
					"@executable_path/Frameworks",
				);
				PRODUCT_BUNDLE_IDENTIFIER = "NS.You-reThere";
				PRODUCT_NAME = "$(TARGET_NAME)";
				SWIFT_VERSION = 5.0;
				TARGETED_DEVICE_FAMILY = "1,2";
			};
			name = Debug;
		};
		A74CF82023A0AFBD00D3F335 /* Release */ = {
			isa = XCBuildConfiguration;
			buildSettings = {
				ASSETCATALOG_COMPILER_APPICON_NAME = AppIcon;
				CODE_SIGN_STYLE = Automatic;
				INFOPLIST_FILE = "You'reThere/Info.plist";
				LD_RUNPATH_SEARCH_PATHS = (
					"$(inherited)",
					"@executable_path/Frameworks",
				);
				PRODUCT_BUNDLE_IDENTIFIER = "NS.You-reThere";
				PRODUCT_NAME = "$(TARGET_NAME)";
				SWIFT_VERSION = 5.0;
				TARGETED_DEVICE_FAMILY = "1,2";
			};
			name = Release;
		};
		A74CF82223A0AFBD00D3F335 /* Debug */ = {
			isa = XCBuildConfiguration;
			buildSettings = {
				ALWAYS_EMBED_SWIFT_STANDARD_LIBRARIES = YES;
				BUNDLE_LOADER = "$(TEST_HOST)";
				CODE_SIGN_STYLE = Automatic;
				INFOPLIST_FILE = "You'reThereTests/Info.plist";
				IPHONEOS_DEPLOYMENT_TARGET = 13.2;
				LD_RUNPATH_SEARCH_PATHS = (
					"$(inherited)",
					"@executable_path/Frameworks",
					"@loader_path/Frameworks",
				);
				PRODUCT_BUNDLE_IDENTIFIER = "NS.You-reThereTests";
				PRODUCT_NAME = "$(TARGET_NAME)";
				SWIFT_VERSION = 5.0;
				TARGETED_DEVICE_FAMILY = "1,2";
				TEST_HOST = "$(BUILT_PRODUCTS_DIR)/You'reThere.app/You'reThere";
			};
			name = Debug;
		};
		A74CF82323A0AFBD00D3F335 /* Release */ = {
			isa = XCBuildConfiguration;
			buildSettings = {
				ALWAYS_EMBED_SWIFT_STANDARD_LIBRARIES = YES;
				BUNDLE_LOADER = "$(TEST_HOST)";
				CODE_SIGN_STYLE = Automatic;
				INFOPLIST_FILE = "You'reThereTests/Info.plist";
				IPHONEOS_DEPLOYMENT_TARGET = 13.2;
				LD_RUNPATH_SEARCH_PATHS = (
					"$(inherited)",
					"@executable_path/Frameworks",
					"@loader_path/Frameworks",
				);
				PRODUCT_BUNDLE_IDENTIFIER = "NS.You-reThereTests";
				PRODUCT_NAME = "$(TARGET_NAME)";
				SWIFT_VERSION = 5.0;
				TARGETED_DEVICE_FAMILY = "1,2";
				TEST_HOST = "$(BUILT_PRODUCTS_DIR)/You'reThere.app/You'reThere";
			};
			name = Release;
		};
		A74CF82523A0AFBD00D3F335 /* Debug */ = {
			isa = XCBuildConfiguration;
			buildSettings = {
				ALWAYS_EMBED_SWIFT_STANDARD_LIBRARIES = YES;
				CODE_SIGN_STYLE = Automatic;
				INFOPLIST_FILE = "You'reThereUITests/Info.plist";
				LD_RUNPATH_SEARCH_PATHS = (
					"$(inherited)",
					"@executable_path/Frameworks",
					"@loader_path/Frameworks",
				);
				PRODUCT_BUNDLE_IDENTIFIER = "NS.You-reThereUITests";
				PRODUCT_NAME = "$(TARGET_NAME)";
				SWIFT_VERSION = 5.0;
				TARGETED_DEVICE_FAMILY = "1,2";
				TEST_TARGET_NAME = "You'reThere";
			};
			name = Debug;
		};
		A74CF82623A0AFBD00D3F335 /* Release */ = {
			isa = XCBuildConfiguration;
			buildSettings = {
				ALWAYS_EMBED_SWIFT_STANDARD_LIBRARIES = YES;
				CODE_SIGN_STYLE = Automatic;
				INFOPLIST_FILE = "You'reThereUITests/Info.plist";
				LD_RUNPATH_SEARCH_PATHS = (
					"$(inherited)",
					"@executable_path/Frameworks",
					"@loader_path/Frameworks",
				);
				PRODUCT_BUNDLE_IDENTIFIER = "NS.You-reThereUITests";
				PRODUCT_NAME = "$(TARGET_NAME)";
				SWIFT_VERSION = 5.0;
				TARGETED_DEVICE_FAMILY = "1,2";
				TEST_TARGET_NAME = "You'reThere";
			};
			name = Release;
		};
/* End XCBuildConfiguration section */

/* Begin XCConfigurationList section */
		A74CF7EC23A0AFBA00D3F335 /* Build configuration list for PBXProject "You'reThere" */ = {
			isa = XCConfigurationList;
			buildConfigurations = (
				A74CF81C23A0AFBD00D3F335 /* Debug */,
				A74CF81D23A0AFBD00D3F335 /* Release */,
			);
			defaultConfigurationIsVisible = 0;
			defaultConfigurationName = Release;
		};
		A74CF81E23A0AFBD00D3F335 /* Build configuration list for PBXNativeTarget "You'reThere" */ = {
			isa = XCConfigurationList;
			buildConfigurations = (
				A74CF81F23A0AFBD00D3F335 /* Debug */,
				A74CF82023A0AFBD00D3F335 /* Release */,
			);
			defaultConfigurationIsVisible = 0;
			defaultConfigurationName = Release;
		};
		A74CF82123A0AFBD00D3F335 /* Build configuration list for PBXNativeTarget "You'reThereTests" */ = {
			isa = XCConfigurationList;
			buildConfigurations = (
				A74CF82223A0AFBD00D3F335 /* Debug */,
				A74CF82323A0AFBD00D3F335 /* Release */,
			);
			defaultConfigurationIsVisible = 0;
			defaultConfigurationName = Release;
		};
		A74CF82423A0AFBD00D3F335 /* Build configuration list for PBXNativeTarget "You'reThereUITests" */ = {
			isa = XCConfigurationList;
			buildConfigurations = (
				A74CF82523A0AFBD00D3F335 /* Debug */,
				A74CF82623A0AFBD00D3F335 /* Release */,
			);
			defaultConfigurationIsVisible = 0;
			defaultConfigurationName = Release;
		};
/* End XCConfigurationList section */

/* Begin XCVersionGroup section */
		A74CF7FD23A0AFBA00D3F335 /* You_reThere.xcdatamodeld */ = {
			isa = XCVersionGroup;
			children = (
				A74CF7FE23A0AFBA00D3F335 /* You_reThere.xcdatamodel */,
			);
			currentVersion = A74CF7FE23A0AFBA00D3F335 /* You_reThere.xcdatamodel */;
			path = You_reThere.xcdatamodeld;
			sourceTree = "<group>";
			versionGroupType = wrapper.xcdatamodel;
		};
/* End XCVersionGroup section */
	};
	rootObject = A74CF7E923A0AFBA00D3F335 /* Project object */;
}
